
Microsoft Visual Studio Solution File, Format Version 12.00
# Visual Studio Version 17
VisualStudioVersion = 17.4.33205.214
MinimumVisualStudioVersion = 15.0.26124.0
Project("{2150E333-8FDC-42A3-9474-1A3956D46DE8}") = "Scripts", "Scripts", "{034A99B3-490D-4EBA-AEEA-7F1E7F1E0ACA}"
	ProjectSection(SolutionItems) = preProject
		scripts\default.conf = scripts\default.conf
		scripts\localdeploy.ps1 = scripts\localdeploy.ps1
		scripts\restart.ps1 = scripts\restart.ps1
	EndProjectSection
EndProject
Project("{9A19103F-16F7-4668-BE54-9A1E7A4F7556}") = "HomeSpeaker.Server2", "HomeSpeaker.Server2\HomeSpeaker.Server2.csproj", "{780896E7-A682-4743-9DCC-702553FCD574}"
EndProject
Project("{9A19103F-16F7-4668-BE54-9A1E7A4F7556}") = "HomeSpeaker.Shared", "HomeSpeaker.Shared\HomeSpeaker.Shared.csproj", "{09073304-AFBF-4134-83F7-E67A37257266}"
EndProject
Project("{E53339B2-1760-4266-BCC7-CA923CBCF16C}") = "docker-compose", "docker-compose.dcproj", "{5B637130-F7B3-4281-9736-7B1D098DF3AB}"
EndProject
Project("{9A19103F-16F7-4668-BE54-9A1E7A4F7556}") = "HomeSpeaker.Client.Console", "v2020\HomeSpeaker.Client.Console\HomeSpeaker.Client.Console.csproj", "{110DA873-9092-4979-A3F6-F3F1CA8C78C2}"
EndProject
Project("{9A19103F-16F7-4668-BE54-9A1E7A4F7556}") = "HomeSpeaker.Maui", "HomeSpeaker.Maui\HomeSpeaker.Maui.csproj", "{8E96867C-E0B1-4C46-BA81-738C89AA5335}"
EndProject
Project("{9A19103F-16F7-4668-BE54-9A1E7A4F7556}") = "HomeSpeaker.Maui.Tests", "HomeSpeaker.Maui.Tests\HomeSpeaker.Maui.Tests.csproj", "{42C870D2-28EF-47DE-B065-96A1B20EBFE6}"
EndProject
Project("{FAE04EC0-301F-11D3-BF4B-00C04F79EFBC}") = "HomeSpeaker.WebAssembly", "HomeSpeaker.WebAssembly\HomeSpeaker.WebAssembly.csproj", "{72E636EC-4188-479E-9FCE-6B7EC1EF9339}"
EndProject
Global
	GlobalSection(SolutionConfigurationPlatforms) = preSolution
		Debug|Any CPU = Debug|Any CPU
		Release|Any CPU = Release|Any CPU
	EndGlobalSection
	GlobalSection(ProjectConfigurationPlatforms) = postSolution
		{780896E7-A682-4743-9DCC-702553FCD574}.Debug|Any CPU.ActiveCfg = Debug|Any CPU
		{780896E7-A682-4743-9DCC-702553FCD574}.Debug|Any CPU.Build.0 = Debug|Any CPU
		{780896E7-A682-4743-9DCC-702553FCD574}.Release|Any CPU.ActiveCfg = Release|Any CPU
		{780896E7-A682-4743-9DCC-702553FCD574}.Release|Any CPU.Build.0 = Release|Any CPU
		{09073304-AFBF-4134-83F7-E67A37257266}.Debug|Any CPU.ActiveCfg = Debug|Any CPU
		{09073304-AFBF-4134-83F7-E67A37257266}.Debug|Any CPU.Build.0 = Debug|Any CPU
		{09073304-AFBF-4134-83F7-E67A37257266}.Release|Any CPU.ActiveCfg = Release|Any CPU
		{09073304-AFBF-4134-83F7-E67A37257266}.Release|Any CPU.Build.0 = Release|Any CPU
		{5B637130-F7B3-4281-9736-7B1D098DF3AB}.Debug|Any CPU.ActiveCfg = Debug|Any CPU
		{5B637130-F7B3-4281-9736-7B1D098DF3AB}.Debug|Any CPU.Build.0 = Debug|Any CPU
		{5B637130-F7B3-4281-9736-7B1D098DF3AB}.Release|Any CPU.ActiveCfg = Release|Any CPU
		{5B637130-F7B3-4281-9736-7B1D098DF3AB}.Release|Any CPU.Build.0 = Release|Any CPU
		{110DA873-9092-4979-A3F6-F3F1CA8C78C2}.Debug|Any CPU.ActiveCfg = Debug|Any CPU
		{110DA873-9092-4979-A3F6-F3F1CA8C78C2}.Debug|Any CPU.Build.0 = Debug|Any CPU
		{110DA873-9092-4979-A3F6-F3F1CA8C78C2}.Release|Any CPU.ActiveCfg = Release|Any CPU
		{110DA873-9092-4979-A3F6-F3F1CA8C78C2}.Release|Any CPU.Build.0 = Release|Any CPU
		{8E96867C-E0B1-4C46-BA81-738C89AA5335}.Debug|Any CPU.ActiveCfg = Debug|Any CPU
		{8E96867C-E0B1-4C46-BA81-738C89AA5335}.Debug|Any CPU.Build.0 = Debug|Any CPU
		{8E96867C-E0B1-4C46-BA81-738C89AA5335}.Debug|Any CPU.Deploy.0 = Debug|Any CPU
		{8E96867C-E0B1-4C46-BA81-738C89AA5335}.Release|Any CPU.ActiveCfg = Release|Any CPU
		{8E96867C-E0B1-4C46-BA81-738C89AA5335}.Release|Any CPU.Build.0 = Release|Any CPU
		{8E96867C-E0B1-4C46-BA81-738C89AA5335}.Release|Any CPU.Deploy.0 = Release|Any CPU
		{42C870D2-28EF-47DE-B065-96A1B20EBFE6}.Debug|Any CPU.ActiveCfg = Debug|Any CPU
		{42C870D2-28EF-47DE-B065-96A1B20EBFE6}.Debug|Any CPU.Build.0 = Debug|Any CPU
		{42C870D2-28EF-47DE-B065-96A1B20EBFE6}.Release|Any CPU.ActiveCfg = Release|Any CPU
		{42C870D2-28EF-47DE-B065-96A1B20EBFE6}.Release|Any CPU.Build.0 = Release|Any CPU
		{72E636EC-4188-479E-9FCE-6B7EC1EF9339}.Debug|Any CPU.ActiveCfg = Debug|Any CPU
		{72E636EC-4188-479E-9FCE-6B7EC1EF9339}.Debug|Any CPU.Build.0 = Debug|Any CPU
		{72E636EC-4188-479E-9FCE-6B7EC1EF9339}.Release|Any CPU.ActiveCfg = Release|Any CPU
		{72E636EC-4188-479E-9FCE-6B7EC1EF9339}.Release|Any CPU.Build.0 = Release|Any CPU
	EndGlobalSection
	GlobalSection(SolutionProperties) = preSolution
		HideSolutionNode = FALSE
	EndGlobalSection
	GlobalSection(ExtensibilityGlobals) = postSolution
		SolutionGuid = {A6728AD7-708C-452D-872B-F927E6B9BDCF}
	EndGlobalSection
EndGlobal
